
Microsoft Visual Studio Solution File, Format Version 12.00
# Visual Studio Version 17
VisualStudioVersion = 17.1.32210.238
MinimumVisualStudioVersion = 10.0.40219.1
Project("{FAE04EC0-301F-11D3-BF4B-00C04F79EFBC}") = "lab3", "lab3\lab3.csproj", "{C7B8127F-62D4-45C6-8EC0-1CAE7FEF2A2C}"
EndProject
Global
	GlobalSection(SolutionConfigurationPlatforms) = preSolution
		Debug|Any CPU = Debug|Any CPU
		Release|Any CPU = Release|Any CPU
	EndGlobalSection
	GlobalSection(ProjectConfigurationPlatforms) = postSolution
		{C7B8127F-62D4-45C6-8EC0-1CAE7FEF2A2C}.Debug|Any CPU.ActiveCfg = Debug|Any CPU
		{C7B8127F-62D4-45C6-8EC0-1CAE7FEF2A2C}.Debug|Any CPU.Build.0 = Debug|Any CPU
		{C7B8127F-62D4-45C6-8EC0-1CAE7FEF2A2C}.Release|Any CPU.ActiveCfg = Release|Any CPU
		{C7B8127F-62D4-45C6-8EC0-1CAE7FEF2A2C}.Release|Any CPU.Build.0 = Release|Any CPU
	EndGlobalSection
	GlobalSection(SolutionProperties) = preSolution
		HideSolutionNode = FALSE
	EndGlobalSection
	GlobalSection(ExtensibilityGlobals) = postSolution
		SolutionGuid = {8D3BE0B6-8D54-4632-99B9-B8E7C2AD0B3A}
	EndGlobalSection
EndGlobal
