
Microsoft Visual Studio Solution File, Format Version 12.00
# Visual Studio Version 17
VisualStudioVersion = 17.0.32126.317
MinimumVisualStudioVersion = 10.0.40219.1
Project("{FAE04EC0-301F-11D3-BF4B-00C04F79EFBC}") = "Lab3", "Lab3\Lab3.csproj", "{91427C97-F53F-497A-B0FD-4CCECBADC409}"
EndProject
Global
	GlobalSection(SolutionConfigurationPlatforms) = preSolution
		Debug|Any CPU = Debug|Any CPU
		Release|Any CPU = Release|Any CPU
	EndGlobalSection
	GlobalSection(ProjectConfigurationPlatforms) = postSolution
		{91427C97-F53F-497A-B0FD-4CCECBADC409}.Debug|Any CPU.ActiveCfg = Debug|Any CPU
		{91427C97-F53F-497A-B0FD-4CCECBADC409}.Debug|Any CPU.Build.0 = Debug|Any CPU
		{91427C97-F53F-497A-B0FD-4CCECBADC409}.Release|Any CPU.ActiveCfg = Release|Any CPU
		{91427C97-F53F-497A-B0FD-4CCECBADC409}.Release|Any CPU.Build.0 = Release|Any CPU
	EndGlobalSection
	GlobalSection(SolutionProperties) = preSolution
		HideSolutionNode = FALSE
	EndGlobalSection
	GlobalSection(ExtensibilityGlobals) = postSolution
		SolutionGuid = {95287427-2AF2-4D9C-90CB-81A21173CC67}
	EndGlobalSection
EndGlobal
